// !$*UTF8*$!
{
	archiveVersion = 1;
	classes = {
	};
	objectVersion = 50;
	objects = {

/* Begin PBXBuildFile section */
		682240EAA0DB8A2411A3A442 /* Pods_TodoApp.framework in Frameworks */ = {isa = PBXBuildFile; fileRef = 5D6020557F3DEF55E98D45F1 /* Pods_TodoApp.framework */; };
		CD0BDB1020C6EBA100D89343 /* CategoryViewController.swift in Sources */ = {isa = PBXBuildFile; fileRef = CD0BDB0F20C6EBA100D89343 /* CategoryViewController.swift */; };
		CD22278C20B8344A0098480C /* DataModel.xcdatamodeld in Sources */ = {isa = PBXBuildFile; fileRef = CD22278A20B8344A0098480C /* DataModel.xcdatamodeld */; };
		CDC9147620AB763E002ACE2F /* AppDelegate.swift in Sources */ = {isa = PBXBuildFile; fileRef = CDC9147520AB763E002ACE2F /* AppDelegate.swift */; };
		CDC9147820AB763E002ACE2F /* ToDoListViewController.swift in Sources */ = {isa = PBXBuildFile; fileRef = CDC9147720AB763E002ACE2F /* ToDoListViewController.swift */; };
		CDC9147B20AB763E002ACE2F /* Main.storyboard in Resources */ = {isa = PBXBuildFile; fileRef = CDC9147920AB763E002ACE2F /* Main.storyboard */; };
		CDC9147D20AB763F002ACE2F /* Assets.xcassets in Resources */ = {isa = PBXBuildFile; fileRef = CDC9147C20AB763F002ACE2F /* Assets.xcassets */; };
		CDC9148020AB763F002ACE2F /* LaunchScreen.storyboard in Resources */ = {isa = PBXBuildFile; fileRef = CDC9147E20AB763F002ACE2F /* LaunchScreen.storyboard */; };
/* End PBXBuildFile section */

/* Begin PBXFileReference section */
		3C84372DFECA5A91FAFABB58 /* Pods-TodoApp.debug.xcconfig */ = {isa = PBXFileReference; includeInIndex = 1; lastKnownFileType = text.xcconfig; name = "Pods-TodoApp.debug.xcconfig"; path = "Pods/Target Support Files/Pods-TodoApp/Pods-TodoApp.debug.xcconfig"; sourceTree = "<group>"; };
		4B96FA6FB0AD25E40536C37C /* Pods-TodoApp.release.xcconfig */ = {isa = PBXFileReference; includeInIndex = 1; lastKnownFileType = text.xcconfig; name = "Pods-TodoApp.release.xcconfig"; path = "Pods/Target Support Files/Pods-TodoApp/Pods-TodoApp.release.xcconfig"; sourceTree = "<group>"; };
		5D6020557F3DEF55E98D45F1 /* Pods_TodoApp.framework */ = {isa = PBXFileReference; explicitFileType = wrapper.framework; includeInIndex = 0; path = Pods_TodoApp.framework; sourceTree = BUILT_PRODUCTS_DIR; };
		CD0BDB0F20C6EBA100D89343 /* CategoryViewController.swift */ = {isa = PBXFileReference; lastKnownFileType = sourcecode.swift; path = CategoryViewController.swift; sourceTree = "<group>"; };
		CD22278B20B8344A0098480C /* DataModel.xcdatamodel */ = {isa = PBXFileReference; lastKnownFileType = wrapper.xcdatamodel; path = DataModel.xcdatamodel; sourceTree = "<group>"; };
		CDC9147220AB763E002ACE2F /* TodoApp.app */ = {isa = PBXFileReference; explicitFileType = wrapper.application; includeInIndex = 0; path = TodoApp.app; sourceTree = BUILT_PRODUCTS_DIR; };
		CDC9147520AB763E002ACE2F /* AppDelegate.swift */ = {isa = PBXFileReference; lastKnownFileType = sourcecode.swift; path = AppDelegate.swift; sourceTree = "<group>"; };
		CDC9147720AB763E002ACE2F /* ToDoListViewController.swift */ = {isa = PBXFileReference; lastKnownFileType = sourcecode.swift; path = ToDoListViewController.swift; sourceTree = "<group>"; };
		CDC9147A20AB763E002ACE2F /* Base */ = {isa = PBXFileReference; lastKnownFileType = file.storyboard; name = Base; path = Base.lproj/Main.storyboard; sourceTree = "<group>"; };
		CDC9147C20AB763F002ACE2F /* Assets.xcassets */ = {isa = PBXFileReference; lastKnownFileType = folder.assetcatalog; path = Assets.xcassets; sourceTree = "<group>"; };
		CDC9147F20AB763F002ACE2F /* Base */ = {isa = PBXFileReference; lastKnownFileType = file.storyboard; name = Base; path = Base.lproj/LaunchScreen.storyboard; sourceTree = "<group>"; };
		CDC9148120AB763F002ACE2F /* Info.plist */ = {isa = PBXFileReference; lastKnownFileType = text.plist.xml; path = Info.plist; sourceTree = "<group>"; };
/* End PBXFileReference section */

/* Begin PBXFrameworksBuildPhase section */
		CDC9146F20AB763E002ACE2F /* Frameworks */ = {
			isa = PBXFrameworksBuildPhase;
			buildActionMask = 2147483647;
			files = (
				682240EAA0DB8A2411A3A442 /* Pods_TodoApp.framework in Frameworks */,
			);
			runOnlyForDeploymentPostprocessing = 0;
		};
/* End PBXFrameworksBuildPhase section */

/* Begin PBXGroup section */
		420DA6B269C59ACE34C4C328 /* Frameworks */ = {
			isa = PBXGroup;
			children = (
				5D6020557F3DEF55E98D45F1 /* Pods_TodoApp.framework */,
			);
			name = Frameworks;
			sourceTree = "<group>";
		};
		CDC9146920AB763E002ACE2F = {
			isa = PBXGroup;
			children = (
				CDC9147420AB763E002ACE2F /* TodoApp */,
				CDC9147320AB763E002ACE2F /* Products */,
				FEECE64F5D7E712FC7925D6A /* Pods */,
				420DA6B269C59ACE34C4C328 /* Frameworks */,
			);
			sourceTree = "<group>";
		};
		CDC9147320AB763E002ACE2F /* Products */ = {
			isa = PBXGroup;
			children = (
				CDC9147220AB763E002ACE2F /* TodoApp.app */,
			);
			name = Products;
			sourceTree = "<group>";
		};
		CDC9147420AB763E002ACE2F /* TodoApp */ = {
			isa = PBXGroup;
			children = (
				CDC9147520AB763E002ACE2F /* AppDelegate.swift */,
				CDFB537F20B18C5D004DB8F4 /* Controllers */,
				CDFB537E20B18C1F004DB8F4 /* Dada Model */,
				CDFB538020B18C68004DB8F4 /* Views */,
				CDFB538120B18C9B004DB8F4 /* Supporting Files */,
				CDC9148120AB763F002ACE2F /* Info.plist */,
			);
			path = TodoApp;
			sourceTree = "<group>";
		};
		CDFB537E20B18C1F004DB8F4 /* Dada Model */ = {
			isa = PBXGroup;
			children = (
				CD22278A20B8344A0098480C /* DataModel.xcdatamodeld */,
			);
			path = "Dada Model";
			sourceTree = "<group>";
		};
		CDFB537F20B18C5D004DB8F4 /* Controllers */ = {
			isa = PBXGroup;
			children = (
				CD0BDB0F20C6EBA100D89343 /* CategoryViewController.swift */,
				CDC9147720AB763E002ACE2F /* ToDoListViewController.swift */,
			);
			path = Controllers;
			sourceTree = "<group>";
		};
		CDFB538020B18C68004DB8F4 /* Views */ = {
			isa = PBXGroup;
			children = (
				CDC9147920AB763E002ACE2F /* Main.storyboard */,
			);
			path = Views;
			sourceTree = "<group>";
		};
		CDFB538120B18C9B004DB8F4 /* Supporting Files */ = {
			isa = PBXGroup;
			children = (
				CDC9147C20AB763F002ACE2F /* Assets.xcassets */,
				CDC9147E20AB763F002ACE2F /* LaunchScreen.storyboard */,
			);
			path = "Supporting Files";
			sourceTree = "<group>";
		};
		FEECE64F5D7E712FC7925D6A /* Pods */ = {
			isa = PBXGroup;
			children = (
				3C84372DFECA5A91FAFABB58 /* Pods-TodoApp.debug.xcconfig */,
				4B96FA6FB0AD25E40536C37C /* Pods-TodoApp.release.xcconfig */,
			);
			name = Pods;
			sourceTree = "<group>";
		};
/* End PBXGroup section */

/* Begin PBXNativeTarget section */
		CDC9147120AB763E002ACE2F /* TodoApp */ = {
			isa = PBXNativeTarget;
			buildConfigurationList = CDC9148420AB763F002ACE2F /* Build configuration list for PBXNativeTarget "TodoApp" */;
			buildPhases = (
				2C11567230090CFED202B1BB /* [CP] Check Pods Manifest.lock */,
				CDC9146E20AB763E002ACE2F /* Sources */,
				CDC9146F20AB763E002ACE2F /* Frameworks */,
				CDC9147020AB763E002ACE2F /* Resources */,
				E03A6ACE00888D8AC5C7A9AF /* [CP] Embed Pods Frameworks */,
				C9DD3F41A0B71DD3A061E922 /* [CP] Copy Pods Resources */,
			);
			buildRules = (
			);
			dependencies = (
			);
			name = TodoApp;
			productName = TodoApp;
			productReference = CDC9147220AB763E002ACE2F /* TodoApp.app */;
			productType = "com.apple.product-type.application";
		};
/* End PBXNativeTarget section */

/* Begin PBXProject section */
		CDC9146A20AB763E002ACE2F /* Project object */ = {
			isa = PBXProject;
			attributes = {
				LastSwiftUpdateCheck = 0930;
				LastUpgradeCheck = 0930;
				ORGANIZATIONNAME = Silva;
				TargetAttributes = {
					CDC9147120AB763E002ACE2F = {
						CreatedOnToolsVersion = 9.3;
					};
				};
			};
			buildConfigurationList = CDC9146D20AB763E002ACE2F /* Build configuration list for PBXProject "TodoApp" */;
			compatibilityVersion = "Xcode 9.3";
			developmentRegion = en;
			hasScannedForEncodings = 0;
			knownRegions = (
				en,
				Base,
			);
			mainGroup = CDC9146920AB763E002ACE2F;
			productRefGroup = CDC9147320AB763E002ACE2F /* Products */;
			projectDirPath = "";
			projectRoot = "";
			targets = (
				CDC9147120AB763E002ACE2F /* TodoApp */,
			);
		};
/* End PBXProject section */

/* Begin PBXResourcesBuildPhase section */
		CDC9147020AB763E002ACE2F /* Resources */ = {
			isa = PBXResourcesBuildPhase;
			buildActionMask = 2147483647;
			files = (
				CDC9148020AB763F002ACE2F /* LaunchScreen.storyboard in Resources */,
				CDC9147D20AB763F002ACE2F /* Assets.xcassets in Resources */,
				CDC9147B20AB763E002ACE2F /* Main.storyboard in Resources */,
			);
			runOnlyForDeploymentPostprocessing = 0;
		};
/* End PBXResourcesBuildPhase section */

/* Begin PBXShellScriptBuildPhase section */
		2C11567230090CFED202B1BB /* [CP] Check Pods Manifest.lock */ = {
			isa = PBXShellScriptBuildPhase;
			buildActionMask = 2147483647;
			files = (
			);
			inputPaths = (
				"${PODS_PODFILE_DIR_PATH}/Podfile.lock",
				"${PODS_ROOT}/Manifest.lock",
			);
			name = "[CP] Check Pods Manifest.lock";
			outputPaths = (
				"$(DERIVED_FILE_DIR)/Pods-TodoApp-checkManifestLockResult.txt",
			);
			runOnlyForDeploymentPostprocessing = 0;
			shellPath = /bin/sh;
			shellScript = "diff \"${PODS_PODFILE_DIR_PATH}/Podfile.lock\" \"${PODS_ROOT}/Manifest.lock\" > /dev/null\nif [ $? != 0 ] ; then\n    # print error to STDERR\n    echo \"error: The sandbox is not in sync with the Podfile.lock. Run 'pod install' or update your CocoaPods installation.\" >&2\n    exit 1\nfi\n# This output is used by Xcode 'outputs' to avoid re-running this script phase.\necho \"SUCCESS\" > \"${SCRIPT_OUTPUT_FILE_0}\"\n";
			showEnvVarsInLog = 0;
		};
		C9DD3F41A0B71DD3A061E922 /* [CP] Copy Pods Resources */ = {
			isa = PBXShellScriptBuildPhase;
			buildActionMask = 2147483647;
			files = (
			);
			inputPaths = (
			);
			name = "[CP] Copy Pods Resources";
			outputPaths = (
			);
			runOnlyForDeploymentPostprocessing = 0;
			shellPath = /bin/sh;
			shellScript = "\"${SRCROOT}/Pods/Target Support Files/Pods-TodoApp/Pods-TodoApp-resources.sh\"\n";
			showEnvVarsInLog = 0;
		};
		E03A6ACE00888D8AC5C7A9AF /* [CP] Embed Pods Frameworks */ = {
			isa = PBXShellScriptBuildPhase;
			buildActionMask = 2147483647;
			files = (
			);
			inputPaths = (
				"${SRCROOT}/Pods/Target Support Files/Pods-TodoApp/Pods-TodoApp-frameworks.sh",
				"${BUILT_PRODUCTS_DIR}/Realm/Realm.framework",
				"${BUILT_PRODUCTS_DIR}/RealmSwift/RealmSwift.framework",
			);
			name = "[CP] Embed Pods Frameworks";
			outputPaths = (
				"${TARGET_BUILD_DIR}/${FRAMEWORKS_FOLDER_PATH}/Realm.framework",
				"${TARGET_BUILD_DIR}/${FRAMEWORKS_FOLDER_PATH}/RealmSwift.framework",
			);
			runOnlyForDeploymentPostprocessing = 0;
			shellPath = /bin/sh;
			shellScript = "\"${SRCROOT}/Pods/Target Support Files/Pods-TodoApp/Pods-TodoApp-frameworks.sh\"\n";
			showEnvVarsInLog = 0;
		};
/* End PBXShellScriptBuildPhase section */

/* Begin PBXSourcesBuildPhase section */
		CDC9146E20AB763E002ACE2F /* Sources */ = {
			isa = PBXSourcesBuildPhase;
			buildActionMask = 2147483647;
			files = (
				CD0BDB1020C6EBA100D89343 /* CategoryViewController.swift in Sources */,
				CDC9147820AB763E002ACE2F /* ToDoListViewController.swift in Sources */,
				CD22278C20B8344A0098480C /* DataModel.xcdatamodeld in Sources */,
				CDC9147620AB763E002ACE2F /* AppDelegate.swift in Sources */,
			);
			runOnlyForDeploymentPostprocessing = 0;
		};
/* End PBXSourcesBuildPhase section */

/* Begin PBXVariantGroup section */
		CDC9147920AB763E002ACE2F /* Main.storyboard */ = {
			isa = PBXVariantGroup;
			children = (
				CDC9147A20AB763E002ACE2F /* Base */,
			);
			name = Main.storyboard;
			sourceTree = "<group>";
		};
		CDC9147E20AB763F002ACE2F /* LaunchScreen.storyboard */ = {
			isa = PBXVariantGroup;
			children = (
				CDC9147F20AB763F002ACE2F /* Base */,
			);
			name = LaunchScreen.storyboard;
			sourceTree = "<group>";
		};
/* End PBXVariantGroup section */

/* Begin XCBuildConfiguration section */
		CDC9148220AB763F002ACE2F /* Debug */ = {
			isa = XCBuildConfiguration;
			buildSettings = {
				ALWAYS_SEARCH_USER_PATHS = NO;
				CLANG_ANALYZER_NONNULL = YES;
				CLANG_ANALYZER_NUMBER_OBJECT_CONVERSION = YES_AGGRESSIVE;
				CLANG_CXX_LANGUAGE_STANDARD = "gnu++14";
				CLANG_CXX_LIBRARY = "libc++";
				CLANG_ENABLE_MODULES = YES;
				CLANG_ENABLE_OBJC_ARC = YES;
				CLANG_ENABLE_OBJC_WEAK = YES;
				CLANG_WARN_BLOCK_CAPTURE_AUTORELEASING = YES;
				CLANG_WARN_BOOL_CONVERSION = YES;
				CLANG_WARN_COMMA = YES;
				CLANG_WARN_CONSTANT_CONVERSION = YES;
				CLANG_WARN_DEPRECATED_OBJC_IMPLEMENTATIONS = YES;
				CLANG_WARN_DIRECT_OBJC_ISA_USAGE = YES_ERROR;
				CLANG_WARN_DOCUMENTATION_COMMENTS = YES;
				CLANG_WARN_EMPTY_BODY = YES;
				CLANG_WARN_ENUM_CONVERSION = YES;
				CLANG_WARN_INFINITE_RECURSION = YES;
				CLANG_WARN_INT_CONVERSION = YES;
				CLANG_WARN_NON_LITERAL_NULL_CONVERSION = YES;
				CLANG_WARN_OBJC_IMPLICIT_RETAIN_SELF = YES;
				CLANG_WARN_OBJC_LITERAL_CONVERSION = YES;
				CLANG_WARN_OBJC_ROOT_CLASS = YES_ERROR;
				CLANG_WARN_RANGE_LOOP_ANALYSIS = YES;
				CLANG_WARN_STRICT_PROTOTYPES = YES;
				CLANG_WARN_SUSPICIOUS_MOVE = YES;
				CLANG_WARN_UNGUARDED_AVAILABILITY = YES_AGGRESSIVE;
				CLANG_WARN_UNREACHABLE_CODE = YES;
				CLANG_WARN__DUPLICATE_METHOD_MATCH = YES;
				CODE_SIGN_IDENTITY = "iPhone Developer";
				COPY_PHASE_STRIP = NO;
				DEBUG_INFORMATION_FORMAT = dwarf;
				ENABLE_STRICT_OBJC_MSGSEND = YES;
				ENABLE_TESTABILITY = YES;
				GCC_C_LANGUAGE_STANDARD = gnu11;
				GCC_DYNAMIC_NO_PIC = NO;
				GCC_NO_COMMON_BLOCKS = YES;
				GCC_OPTIMIZATION_LEVEL = 0;
				GCC_PREPROCESSOR_DEFINITIONS = (
					"DEBUG=1",
					"$(inherited)",
				);
				GCC_WARN_64_TO_32_BIT_CONVERSION = YES;
				GCC_WARN_ABOUT_RETURN_TYPE = YES_ERROR;
				GCC_WARN_UNDECLARED_SELECTOR = YES;
				GCC_WARN_UNINITIALIZED_AUTOS = YES_AGGRESSIVE;
				GCC_WARN_UNUSED_FUNCTION = YES;
				GCC_WARN_UNUSED_VARIABLE = YES;
				IPHONEOS_DEPLOYMENT_TARGET = 11.3;
				MTL_ENABLE_DEBUG_INFO = YES;
				ONLY_ACTIVE_ARCH = YES;
				SDKROOT = iphoneos;
				SWIFT_ACTIVE_COMPILATION_CONDITIONS = DEBUG;
				SWIFT_OPTIMIZATION_LEVEL = "-Onone";
			};
			name = Debug;
		};
		CDC9148320AB763F002ACE2F /* Release */ = {
			isa = XCBuildConfiguration;
			buildSettings = {
				ALWAYS_SEARCH_USER_PATHS = NO;
				CLANG_ANALYZER_NONNULL = YES;
				CLANG_ANALYZER_NUMBER_OBJECT_CONVERSION = YES_AGGRESSIVE;
				CLANG_CXX_LANGUAGE_STANDARD = "gnu++14";
				CLANG_CXX_LIBRARY = "libc++";
				CLANG_ENABLE_MODULES = YES;
				CLANG_ENABLE_OBJC_ARC = YES;
				CLANG_ENABLE_OBJC_WEAK = YES;
				CLANG_WARN_BLOCK_CAPTURE_AUTORELEASING = YES;
				CLANG_WARN_BOOL_CONVERSION = YES;
				CLANG_WARN_COMMA = YES;
				CLANG_WARN_CONSTANT_CONVERSION = YES;
				CLANG_WARN_DEPRECATED_OBJC_IMPLEMENTATIONS = YES;
				CLANG_WARN_DIRECT_OBJC_ISA_USAGE = YES_ERROR;
				CLANG_WARN_DOCUMENTATION_COMMENTS = YES;
				CLANG_WARN_EMPTY_BODY = YES;
				CLANG_WARN_ENUM_CONVERSION = YES;
				CLANG_WARN_INFINITE_RECURSION = YES;
				CLANG_WARN_INT_CONVERSION = YES;
				CLANG_WARN_NON_LITERAL_NULL_CONVERSION = YES;
				CLANG_WARN_OBJC_IMPLICIT_RETAIN_SELF = YES;
				CLANG_WARN_OBJC_LITERAL_CONVERSION = YES;
				CLANG_WARN_OBJC_ROOT_CLASS = YES_ERROR;
				CLANG_WARN_RANGE_LOOP_ANALYSIS = YES;
				CLANG_WARN_STRICT_PROTOTYPES = YES;
				CLANG_WARN_SUSPICIOUS_MOVE = YES;
				CLANG_WARN_UNGUARDED_AVAILABILITY = YES_AGGRESSIVE;
				CLANG_WARN_UNREACHABLE_CODE = YES;
				CLANG_WARN__DUPLICATE_METHOD_MATCH = YES;
				CODE_SIGN_IDENTITY = "iPhone Developer";
				COPY_PHASE_STRIP = NO;
				DEBUG_INFORMATION_FORMAT = "dwarf-with-dsym";
				ENABLE_NS_ASSERTIONS = NO;
				ENABLE_STRICT_OBJC_MSGSEND = YES;
				GCC_C_LANGUAGE_STANDARD = gnu11;
				GCC_NO_COMMON_BLOCKS = YES;
				GCC_WARN_64_TO_32_BIT_CONVERSION = YES;
				GCC_WARN_ABOUT_RETURN_TYPE = YES_ERROR;
				GCC_WARN_UNDECLARED_SELECTOR = YES;
				GCC_WARN_UNINITIALIZED_AUTOS = YES_AGGRESSIVE;
				GCC_WARN_UNUSED_FUNCTION = YES;
				GCC_WARN_UNUSED_VARIABLE = YES;
				IPHONEOS_DEPLOYMENT_TARGET = 11.3;
				MTL_ENABLE_DEBUG_INFO = NO;
				SDKROOT = iphoneos;
				SWIFT_COMPILATION_MODE = wholemodule;
				SWIFT_OPTIMIZATION_LEVEL = "-O";
				VALIDATE_PRODUCT = YES;
			};
			name = Release;
		};
		CDC9148520AB763F002ACE2F /* Debug */ = {
			isa = XCBuildConfiguration;
			baseConfigurationReference = 3C84372DFECA5A91FAFABB58 /* Pods-TodoApp.debug.xcconfig */;
			buildSettings = {
				ASSETCATALOG_COMPILER_APPICON_NAME = AppIcon;
				CODE_SIGN_STYLE = Automatic;
				DEVELOPMENT_TEAM = "";
				INFOPLIST_FILE = TodoApp/Info.plist;
				LD_RUNPATH_SEARCH_PATHS = "$(inherited) @executable_path/Frameworks";
				PRODUCT_BUNDLE_IDENTIFIER = com.silvakirsimae.TodoApp;
				PRODUCT_NAME = "$(TARGET_NAME)";
				SWIFT_VERSION = 4.0;
				TARGETED_DEVICE_FAMILY = "1,2";
			};
			name = Debug;
		};
		CDC9148620AB763F002ACE2F /* Release */ = {
			isa = XCBuildConfiguration;
			baseConfigurationReference = 4B96FA6FB0AD25E40536C37C /* Pods-TodoApp.release.xcconfig */;
			buildSettings = {
				ASSETCATALOG_COMPILER_APPICON_NAME = AppIcon;
				CODE_SIGN_STYLE = Automatic;
				DEVELOPMENT_TEAM = "";
				INFOPLIST_FILE = TodoApp/Info.plist;
				LD_RUNPATH_SEARCH_PATHS = "$(inherited) @executable_path/Frameworks";
				PRODUCT_BUNDLE_IDENTIFIER = com.silvakirsimae.TodoApp;
				PRODUCT_NAME = "$(TARGET_NAME)";
				SWIFT_VERSION = 4.0;
				TARGETED_DEVICE_FAMILY = "1,2";
			};
			name = Release;
		};
/* End XCBuildConfiguration section */

/* Begin XCConfigurationList section */
		CDC9146D20AB763E002ACE2F /* Build configuration list for PBXProject "TodoApp" */ = {
			isa = XCConfigurationList;
			buildConfigurations = (
				CDC9148220AB763F002ACE2F /* Debug */,
				CDC9148320AB763F002ACE2F /* Release */,
			);
			defaultConfigurationIsVisible = 0;
			defaultConfigurationName = Release;
		};
		CDC9148420AB763F002ACE2F /* Build configuration list for PBXNativeTarget "TodoApp" */ = {
			isa = XCConfigurationList;
			buildConfigurations = (
				CDC9148520AB763F002ACE2F /* Debug */,
				CDC9148620AB763F002ACE2F /* Release */,
			);
			defaultConfigurationIsVisible = 0;
			defaultConfigurationName = Release;
		};
/* End XCConfigurationList section */

/* Begin XCVersionGroup section */
		CD22278A20B8344A0098480C /* DataModel.xcdatamodeld */ = {
			isa = XCVersionGroup;
			children = (
				CD22278B20B8344A0098480C /* DataModel.xcdatamodel */,
			);
			currentVersion = CD22278B20B8344A0098480C /* DataModel.xcdatamodel */;
			path = DataModel.xcdatamodeld;
			sourceTree = "<group>";
			versionGroupType = wrapper.xcdatamodel;
		};
/* End XCVersionGroup section */
	};
	rootObject = CDC9146A20AB763E002ACE2F /* Project object */;
}
